// !$*UTF8*$!
{
	archiveVersion = 1;
	classes = {
	};
	objectVersion = 50;
	objects = {

/* Begin PBXBuildFile section */
		B02E794F25B6240F00AA5BA5 /* SongPicker.swift in Sources */ = {isa = PBXBuildFile; fileRef = B02E794E25B6240F00AA5BA5 /* SongPicker.swift */; };
		B054167925B4FBF2006198BF /* Head.scn in Resources */ = {isa = PBXBuildFile; fileRef = B054167825B4FBF2006198BF /* Head.scn */; };
		B07DD30225B1E8C00073482C /* SpatialMusicApp.swift in Sources */ = {isa = PBXBuildFile; fileRef = B07DD30125B1E8C00073482C /* SpatialMusicApp.swift */; };
		B07DD30425B1E8C00073482C /* ContentView.swift in Sources */ = {isa = PBXBuildFile; fileRef = B07DD30325B1E8C00073482C /* ContentView.swift */; };
		B07DD30625B1E8C40073482C /* Assets.xcassets in Resources */ = {isa = PBXBuildFile; fileRef = B07DD30525B1E8C40073482C /* Assets.xcassets */; };
		B07DD30925B1E8C40073482C /* Preview Assets.xcassets in Resources */ = {isa = PBXBuildFile; fileRef = B07DD30825B1E8C40073482C /* Preview Assets.xcassets */; };
		B07DD31425B1E8C40073482C /* SpatialMusicTests.swift in Sources */ = {isa = PBXBuildFile; fileRef = B07DD31325B1E8C40073482C /* SpatialMusicTests.swift */; };
		B07DD31F25B1E8C40073482C /* SpatialMusicUITests.swift in Sources */ = {isa = PBXBuildFile; fileRef = B07DD31E25B1E8C40073482C /* SpatialMusicUITests.swift */; };
		B09997B525B4BBBD00E30D4F /* ImagePicker.swift in Sources */ = {isa = PBXBuildFile; fileRef = B09997B425B4BBBD00E30D4F /* ImagePicker.swift */; };
		B09997BA25B4C4C200E30D4F /* HeadphoneManager.swift in Sources */ = {isa = PBXBuildFile; fileRef = B09997B925B4C4C200E30D4F /* HeadphoneManager.swift */; };
		B0CD9A0E25B66D2B0048B0F0 /* head.OBJ in Resources */ = {isa = PBXBuildFile; fileRef = B0CD9A0D25B66D2A0048B0F0 /* head.OBJ */; };
/* End PBXBuildFile section */

/* Begin PBXContainerItemProxy section */
		B07DD31025B1E8C40073482C /* PBXContainerItemProxy */ = {
			isa = PBXContainerItemProxy;
			containerPortal = B07DD2F625B1E8C00073482C /* Project object */;
			proxyType = 1;
			remoteGlobalIDString = B07DD2FD25B1E8C00073482C;
			remoteInfo = SpatialMusic;
		};
		B07DD31B25B1E8C40073482C /* PBXContainerItemProxy */ = {
			isa = PBXContainerItemProxy;
			containerPortal = B07DD2F625B1E8C00073482C /* Project object */;
			proxyType = 1;
			remoteGlobalIDString = B07DD2FD25B1E8C00073482C;
			remoteInfo = SpatialMusic;
		};
/* End PBXContainerItemProxy section */

/* Begin PBXFileReference section */
		B02E794E25B6240F00AA5BA5 /* SongPicker.swift */ = {isa = PBXFileReference; lastKnownFileType = sourcecode.swift; path = SongPicker.swift; sourceTree = "<group>"; };
		B054167825B4FBF2006198BF /* Head.scn */ = {isa = PBXFileReference; lastKnownFileType = file.bplist; path = Head.scn; sourceTree = "<group>"; };
		B07DD2FE25B1E8C00073482C /* SpatialMusic.app */ = {isa = PBXFileReference; explicitFileType = wrapper.application; includeInIndex = 0; path = SpatialMusic.app; sourceTree = BUILT_PRODUCTS_DIR; };
		B07DD30125B1E8C00073482C /* SpatialMusicApp.swift */ = {isa = PBXFileReference; lastKnownFileType = sourcecode.swift; path = SpatialMusicApp.swift; sourceTree = "<group>"; };
		B07DD30325B1E8C00073482C /* ContentView.swift */ = {isa = PBXFileReference; lastKnownFileType = sourcecode.swift; path = ContentView.swift; sourceTree = "<group>"; };
		B07DD30525B1E8C40073482C /* Assets.xcassets */ = {isa = PBXFileReference; lastKnownFileType = folder.assetcatalog; path = Assets.xcassets; sourceTree = "<group>"; };
		B07DD30825B1E8C40073482C /* Preview Assets.xcassets */ = {isa = PBXFileReference; lastKnownFileType = folder.assetcatalog; path = "Preview Assets.xcassets"; sourceTree = "<group>"; };
		B07DD30A25B1E8C40073482C /* Info.plist */ = {isa = PBXFileReference; lastKnownFileType = text.plist.xml; path = Info.plist; sourceTree = "<group>"; };
		B07DD30F25B1E8C40073482C /* SpatialMusicTests.xctest */ = {isa = PBXFileReference; explicitFileType = wrapper.cfbundle; includeInIndex = 0; path = SpatialMusicTests.xctest; sourceTree = BUILT_PRODUCTS_DIR; };
		B07DD31325B1E8C40073482C /* SpatialMusicTests.swift */ = {isa = PBXFileReference; lastKnownFileType = sourcecode.swift; path = SpatialMusicTests.swift; sourceTree = "<group>"; };
		B07DD31525B1E8C40073482C /* Info.plist */ = {isa = PBXFileReference; lastKnownFileType = text.plist.xml; path = Info.plist; sourceTree = "<group>"; };
		B07DD31A25B1E8C40073482C /* SpatialMusicUITests.xctest */ = {isa = PBXFileReference; explicitFileType = wrapper.cfbundle; includeInIndex = 0; path = SpatialMusicUITests.xctest; sourceTree = BUILT_PRODUCTS_DIR; };
		B07DD31E25B1E8C40073482C /* SpatialMusicUITests.swift */ = {isa = PBXFileReference; lastKnownFileType = sourcecode.swift; path = SpatialMusicUITests.swift; sourceTree = "<group>"; };
		B07DD32025B1E8C40073482C /* Info.plist */ = {isa = PBXFileReference; lastKnownFileType = text.plist.xml; path = Info.plist; sourceTree = "<group>"; };
		B09997B425B4BBBD00E30D4F /* ImagePicker.swift */ = {isa = PBXFileReference; lastKnownFileType = sourcecode.swift; path = ImagePicker.swift; sourceTree = "<group>"; };
		B09997B925B4C4C200E30D4F /* HeadphoneManager.swift */ = {isa = PBXFileReference; lastKnownFileType = sourcecode.swift; path = HeadphoneManager.swift; sourceTree = "<group>"; };
		B0CD9A0D25B66D2A0048B0F0 /* head.OBJ */ = {isa = PBXFileReference; fileEncoding = 4; lastKnownFileType = text; path = head.OBJ; sourceTree = "<group>"; };
/* End PBXFileReference section */

/* Begin PBXFrameworksBuildPhase section */
		B07DD2FB25B1E8C00073482C /* Frameworks */ = {
			isa = PBXFrameworksBuildPhase;
			buildActionMask = 2147483647;
			files = (
			);
			runOnlyForDeploymentPostprocessing = 0;
		};
		B07DD30C25B1E8C40073482C /* Frameworks */ = {
			isa = PBXFrameworksBuildPhase;
			buildActionMask = 2147483647;
			files = (
			);
			runOnlyForDeploymentPostprocessing = 0;
		};
		B07DD31725B1E8C40073482C /* Frameworks */ = {
			isa = PBXFrameworksBuildPhase;
			buildActionMask = 2147483647;
			files = (
			);
			runOnlyForDeploymentPostprocessing = 0;
		};
/* End PBXFrameworksBuildPhase section */

/* Begin PBXGroup section */
		B07DD2F525B1E8C00073482C = {
			isa = PBXGroup;
			children = (
				B07DD30025B1E8C00073482C /* SpatialMusic */,
				B07DD31225B1E8C40073482C /* SpatialMusicTests */,
				B07DD31D25B1E8C40073482C /* SpatialMusicUITests */,
				B07DD2FF25B1E8C00073482C /* Products */,
			);
			sourceTree = "<group>";
		};
		B07DD2FF25B1E8C00073482C /* Products */ = {
			isa = PBXGroup;
			children = (
				B07DD2FE25B1E8C00073482C /* SpatialMusic.app */,
				B07DD30F25B1E8C40073482C /* SpatialMusicTests.xctest */,
				B07DD31A25B1E8C40073482C /* SpatialMusicUITests.xctest */,
			);
			name = Products;
			sourceTree = "<group>";
		};
		B07DD30025B1E8C00073482C /* SpatialMusic */ = {
			isa = PBXGroup;
			children = (
				B07DD30125B1E8C00073482C /* SpatialMusicApp.swift */,
				B07DD30325B1E8C00073482C /* ContentView.swift */,
				B02E794E25B6240F00AA5BA5 /* SongPicker.swift */,
				B0CD9A0D25B66D2A0048B0F0 /* head.OBJ */,
				B054167825B4FBF2006198BF /* Head.scn */,
				B09997B425B4BBBD00E30D4F /* ImagePicker.swift */,
				B09997B925B4C4C200E30D4F /* HeadphoneManager.swift */,
				B07DD30525B1E8C40073482C /* Assets.xcassets */,
				B07DD30A25B1E8C40073482C /* Info.plist */,
				B07DD30725B1E8C40073482C /* Preview Content */,
			);
			path = SpatialMusic;
			sourceTree = "<group>";
		};
		B07DD30725B1E8C40073482C /* Preview Content */ = {
			isa = PBXGroup;
			children = (
				B07DD30825B1E8C40073482C /* Preview Assets.xcassets */,
			);
			path = "Preview Content";
			sourceTree = "<group>";
		};
		B07DD31225B1E8C40073482C /* SpatialMusicTests */ = {
			isa = PBXGroup;
			children = (
				B07DD31325B1E8C40073482C /* SpatialMusicTests.swift */,
				B07DD31525B1E8C40073482C /* Info.plist */,
			);
			path = SpatialMusicTests;
			sourceTree = "<group>";
		};
		B07DD31D25B1E8C40073482C /* SpatialMusicUITests */ = {
			isa = PBXGroup;
			children = (
				B07DD31E25B1E8C40073482C /* SpatialMusicUITests.swift */,
				B07DD32025B1E8C40073482C /* Info.plist */,
			);
			path = SpatialMusicUITests;
			sourceTree = "<group>";
		};
/* End PBXGroup section */

/* Begin PBXNativeTarget section */
		B07DD2FD25B1E8C00073482C /* SpatialMusic */ = {
			isa = PBXNativeTarget;
			buildConfigurationList = B07DD32325B1E8C40073482C /* Build configuration list for PBXNativeTarget "SpatialMusic" */;
			buildPhases = (
				B07DD2FA25B1E8C00073482C /* Sources */,
				B07DD2FB25B1E8C00073482C /* Frameworks */,
				B07DD2FC25B1E8C00073482C /* Resources */,
			);
			buildRules = (
			);
			dependencies = (
			);
			name = SpatialMusic;
			productName = SpatialMusic;
			productReference = B07DD2FE25B1E8C00073482C /* SpatialMusic.app */;
			productType = "com.apple.product-type.application";
		};
		B07DD30E25B1E8C40073482C /* SpatialMusicTests */ = {
			isa = PBXNativeTarget;
			buildConfigurationList = B07DD32625B1E8C40073482C /* Build configuration list for PBXNativeTarget "SpatialMusicTests" */;
			buildPhases = (
				B07DD30B25B1E8C40073482C /* Sources */,
				B07DD30C25B1E8C40073482C /* Frameworks */,
				B07DD30D25B1E8C40073482C /* Resources */,
			);
			buildRules = (
			);
			dependencies = (
				B07DD31125B1E8C40073482C /* PBXTargetDependency */,
			);
			name = SpatialMusicTests;
			productName = SpatialMusicTests;
			productReference = B07DD30F25B1E8C40073482C /* SpatialMusicTests.xctest */;
			productType = "com.apple.product-type.bundle.unit-test";
		};
		B07DD31925B1E8C40073482C /* SpatialMusicUITests */ = {
			isa = PBXNativeTarget;
			buildConfigurationList = B07DD32925B1E8C40073482C /* Build configuration list for PBXNativeTarget "SpatialMusicUITests" */;
			buildPhases = (
				B07DD31625B1E8C40073482C /* Sources */,
				B07DD31725B1E8C40073482C /* Frameworks */,
				B07DD31825B1E8C40073482C /* Resources */,
			);
			buildRules = (
			);
			dependencies = (
				B07DD31C25B1E8C40073482C /* PBXTargetDependency */,
			);
			name = SpatialMusicUITests;
			productName = SpatialMusicUITests;
			productReference = B07DD31A25B1E8C40073482C /* SpatialMusicUITests.xctest */;
			productType = "com.apple.product-type.bundle.ui-testing";
		};
/* End PBXNativeTarget section */

/* Begin PBXProject section */
		B07DD2F625B1E8C00073482C /* Project object */ = {
			isa = PBXProject;
			attributes = {
				LastSwiftUpdateCheck = 1230;
				LastUpgradeCheck = 1230;
				TargetAttributes = {
					B07DD2FD25B1E8C00073482C = {
						CreatedOnToolsVersion = 12.3;
					};
					B07DD30E25B1E8C40073482C = {
						CreatedOnToolsVersion = 12.3;
						TestTargetID = B07DD2FD25B1E8C00073482C;
					};
					B07DD31925B1E8C40073482C = {
						CreatedOnToolsVersion = 12.3;
						TestTargetID = B07DD2FD25B1E8C00073482C;
					};
				};
			};
			buildConfigurationList = B07DD2F925B1E8C00073482C /* Build configuration list for PBXProject "SpatialMusic" */;
			compatibilityVersion = "Xcode 9.3";
			developmentRegion = en;
			hasScannedForEncodings = 0;
			knownRegions = (
				en,
				Base,
			);
			mainGroup = B07DD2F525B1E8C00073482C;
			productRefGroup = B07DD2FF25B1E8C00073482C /* Products */;
			projectDirPath = "";
			projectRoot = "";
			targets = (
				B07DD2FD25B1E8C00073482C /* SpatialMusic */,
				B07DD30E25B1E8C40073482C /* SpatialMusicTests */,
				B07DD31925B1E8C40073482C /* SpatialMusicUITests */,
			);
		};
/* End PBXProject section */

/* Begin PBXResourcesBuildPhase section */
		B07DD2FC25B1E8C00073482C /* Resources */ = {
			isa = PBXResourcesBuildPhase;
			buildActionMask = 2147483647;
			files = (
				B054167925B4FBF2006198BF /* Head.scn in Resources */,
				B07DD30925B1E8C40073482C /* Preview Assets.xcassets in Resources */,
				B07DD30625B1E8C40073482C /* Assets.xcassets in Resources */,
				B0CD9A0E25B66D2B0048B0F0 /* head.OBJ in Resources */,
			);
			runOnlyForDeploymentPostprocessing = 0;
		};
		B07DD30D25B1E8C40073482C /* Resources */ = {
			isa = PBXResourcesBuildPhase;
			buildActionMask = 2147483647;
			files = (
			);
			runOnlyForDeploymentPostprocessing = 0;
		};
		B07DD31825B1E8C40073482C /* Resources */ = {
			isa = PBXResourcesBuildPhase;
			buildActionMask = 2147483647;
			files = (
			);
			runOnlyForDeploymentPostprocessing = 0;
		};
/* End PBXResourcesBuildPhase section */

/* Begin PBXSourcesBuildPhase section */
		B07DD2FA25B1E8C00073482C /* Sources */ = {
			isa = PBXSourcesBuildPhase;
			buildActionMask = 2147483647;
			files = (
				B09997BA25B4C4C200E30D4F /* HeadphoneManager.swift in Sources */,
				B09997B525B4BBBD00E30D4F /* ImagePicker.swift in Sources */,
				B02E794F25B6240F00AA5BA5 /* SongPicker.swift in Sources */,
				B07DD30425B1E8C00073482C /* ContentView.swift in Sources */,
				B07DD30225B1E8C00073482C /* SpatialMusicApp.swift in Sources */,
			);
			runOnlyForDeploymentPostprocessing = 0;
		};
		B07DD30B25B1E8C40073482C /* Sources */ = {
			isa = PBXSourcesBuildPhase;
			buildActionMask = 2147483647;
			files = (
				B07DD31425B1E8C40073482C /* SpatialMusicTests.swift in Sources */,
			);
			runOnlyForDeploymentPostprocessing = 0;
		};
		B07DD31625B1E8C40073482C /* Sources */ = {
			isa = PBXSourcesBuildPhase;
			buildActionMask = 2147483647;
			files = (
				B07DD31F25B1E8C40073482C /* SpatialMusicUITests.swift in Sources */,
			);
			runOnlyForDeploymentPostprocessing = 0;
		};
/* End PBXSourcesBuildPhase section */

/* Begin PBXTargetDependency section */
		B07DD31125B1E8C40073482C /* PBXTargetDependency */ = {
			isa = PBXTargetDependency;
			target = B07DD2FD25B1E8C00073482C /* SpatialMusic */;
			targetProxy = B07DD31025B1E8C40073482C /* PBXContainerItemProxy */;
		};
		B07DD31C25B1E8C40073482C /* PBXTargetDependency */ = {
			isa = PBXTargetDependency;
			target = B07DD2FD25B1E8C00073482C /* SpatialMusic */;
			targetProxy = B07DD31B25B1E8C40073482C /* PBXContainerItemProxy */;
		};
/* End PBXTargetDependency section */

/* Begin XCBuildConfiguration section */
		B07DD32125B1E8C40073482C /* Debug */ = {
			isa = XCBuildConfiguration;
			buildSettings = {
				ALWAYS_SEARCH_USER_PATHS = NO;
				CLANG_ANALYZER_NONNULL = YES;
				CLANG_ANALYZER_NUMBER_OBJECT_CONVERSION = YES_AGGRESSIVE;
				CLANG_CXX_LANGUAGE_STANDARD = "gnu++14";
				CLANG_CXX_LIBRARY = "libc++";
				CLANG_ENABLE_MODULES = YES;
				CLANG_ENABLE_OBJC_ARC = YES;
				CLANG_ENABLE_OBJC_WEAK = YES;
				CLANG_WARN_BLOCK_CAPTURE_AUTORELEASING = YES;
				CLANG_WARN_BOOL_CONVERSION = YES;
				CLANG_WARN_COMMA = YES;
				CLANG_WARN_CONSTANT_CONVERSION = YES;
				CLANG_WARN_DEPRECATED_OBJC_IMPLEMENTATIONS = YES;
				CLANG_WARN_DIRECT_OBJC_ISA_USAGE = YES_ERROR;
				CLANG_WARN_DOCUMENTATION_COMMENTS = YES;
				CLANG_WARN_EMPTY_BODY = YES;
				CLANG_WARN_ENUM_CONVERSION = YES;
				CLANG_WARN_INFINITE_RECURSION = YES;
				CLANG_WARN_INT_CONVERSION = YES;
				CLANG_WARN_NON_LITERAL_NULL_CONVERSION = YES;
				CLANG_WARN_OBJC_IMPLICIT_RETAIN_SELF = YES;
				CLANG_WARN_OBJC_LITERAL_CONVERSION = YES;
				CLANG_WARN_OBJC_ROOT_CLASS = YES_ERROR;
				CLANG_WARN_QUOTED_INCLUDE_IN_FRAMEWORK_HEADER = YES;
				CLANG_WARN_RANGE_LOOP_ANALYSIS = YES;
				CLANG_WARN_STRICT_PROTOTYPES = YES;
				CLANG_WARN_SUSPICIOUS_MOVE = YES;
				CLANG_WARN_UNGUARDED_AVAILABILITY = YES_AGGRESSIVE;
				CLANG_WARN_UNREACHABLE_CODE = YES;
				CLANG_WARN__DUPLICATE_METHOD_MATCH = YES;
				COPY_PHASE_STRIP = NO;
				DEBUG_INFORMATION_FORMAT = dwarf;
				ENABLE_STRICT_OBJC_MSGSEND = YES;
				ENABLE_TESTABILITY = YES;
				GCC_C_LANGUAGE_STANDARD = gnu11;
				GCC_DYNAMIC_NO_PIC = NO;
				GCC_NO_COMMON_BLOCKS = YES;
				GCC_OPTIMIZATION_LEVEL = 0;
				GCC_PREPROCESSOR_DEFINITIONS = (
					"DEBUG=1",
					"$(inherited)",
				);
				GCC_WARN_64_TO_32_BIT_CONVERSION = YES;
				GCC_WARN_ABOUT_RETURN_TYPE = YES_ERROR;
				GCC_WARN_UNDECLARED_SELECTOR = YES;
				GCC_WARN_UNINITIALIZED_AUTOS = YES_AGGRESSIVE;
				GCC_WARN_UNUSED_FUNCTION = YES;
				GCC_WARN_UNUSED_VARIABLE = YES;
				IPHONEOS_DEPLOYMENT_TARGET = 14.3;
				MTL_ENABLE_DEBUG_INFO = INCLUDE_SOURCE;
				MTL_FAST_MATH = YES;
				ONLY_ACTIVE_ARCH = YES;
				SDKROOT = iphoneos;
				SWIFT_ACTIVE_COMPILATION_CONDITIONS = DEBUG;
				SWIFT_OPTIMIZATION_LEVEL = "-Onone";
			};
			name = Debug;
		};
		B07DD32225B1E8C40073482C /* Release */ = {
			isa = XCBuildConfiguration;
			buildSettings = {
				ALWAYS_SEARCH_USER_PATHS = NO;
				CLANG_ANALYZER_NONNULL = YES;
				CLANG_ANALYZER_NUMBER_OBJECT_CONVERSION = YES_AGGRESSIVE;
				CLANG_CXX_LANGUAGE_STANDARD = "gnu++14";
				CLANG_CXX_LIBRARY = "libc++";
				CLANG_ENABLE_MODULES = YES;
				CLANG_ENABLE_OBJC_ARC = YES;
				CLANG_ENABLE_OBJC_WEAK = YES;
				CLANG_WARN_BLOCK_CAPTURE_AUTORELEASING = YES;
				CLANG_WARN_BOOL_CONVERSION = YES;
				CLANG_WARN_COMMA = YES;
				CLANG_WARN_CONSTANT_CONVERSION = YES;
				CLANG_WARN_DEPRECATED_OBJC_IMPLEMENTATIONS = YES;
				CLANG_WARN_DIRECT_OBJC_ISA_USAGE = YES_ERROR;
				CLANG_WARN_DOCUMENTATION_COMMENTS = YES;
				CLANG_WARN_EMPTY_BODY = YES;
				CLANG_WARN_ENUM_CONVERSION = YES;
				CLANG_WARN_INFINITE_RECURSION = YES;
				CLANG_WARN_INT_CONVERSION = YES;
				CLANG_WARN_NON_LITERAL_NULL_CONVERSION = YES;
				CLANG_WARN_OBJC_IMPLICIT_RETAIN_SELF = YES;
				CLANG_WARN_OBJC_LITERAL_CONVERSION = YES;
				CLANG_WARN_OBJC_ROOT_CLASS = YES_ERROR;
				CLANG_WARN_QUOTED_INCLUDE_IN_FRAMEWORK_HEADER = YES;
				CLANG_WARN_RANGE_LOOP_ANALYSIS = YES;
				CLANG_WARN_STRICT_PROTOTYPES = YES;
				CLANG_WARN_SUSPICIOUS_MOVE = YES;
				CLANG_WARN_UNGUARDED_AVAILABILITY = YES_AGGRESSIVE;
				CLANG_WARN_UNREACHABLE_CODE = YES;
				CLANG_WARN__DUPLICATE_METHOD_MATCH = YES;
				COPY_PHASE_STRIP = NO;
				DEBUG_INFORMATION_FORMAT = "dwarf-with-dsym";
				ENABLE_NS_ASSERTIONS = NO;
				ENABLE_STRICT_OBJC_MSGSEND = YES;
				GCC_C_LANGUAGE_STANDARD = gnu11;
				GCC_NO_COMMON_BLOCKS = YES;
				GCC_WARN_64_TO_32_BIT_CONVERSION = YES;
				GCC_WARN_ABOUT_RETURN_TYPE = YES_ERROR;
				GCC_WARN_UNDECLARED_SELECTOR = YES;
				GCC_WARN_UNINITIALIZED_AUTOS = YES_AGGRESSIVE;
				GCC_WARN_UNUSED_FUNCTION = YES;
				GCC_WARN_UNUSED_VARIABLE = YES;
				IPHONEOS_DEPLOYMENT_TARGET = 14.3;
				MTL_ENABLE_DEBUG_INFO = NO;
				MTL_FAST_MATH = YES;
				SDKROOT = iphoneos;
				SWIFT_COMPILATION_MODE = wholemodule;
				SWIFT_OPTIMIZATION_LEVEL = "-O";
				VALIDATE_PRODUCT = YES;
			};
			name = Release;
		};
		B07DD32425B1E8C40073482C /* Debug */ = {
			isa = XCBuildConfiguration;
			buildSettings = {
				ASSETCATALOG_COMPILER_APPICON_NAME = AppIcon;
				ASSETCATALOG_COMPILER_GLOBAL_ACCENT_COLOR_NAME = AccentColor;
				CODE_SIGN_STYLE = Automatic;
				DEVELOPMENT_ASSET_PATHS = "\"SpatialMusic/Preview Content\"";
				DEVELOPMENT_TEAM = N4XWRBDFWP;
				ENABLE_PREVIEWS = YES;
				INFOPLIST_FILE = SpatialMusic/Info.plist;
				IPHONEOS_DEPLOYMENT_TARGET = 14.0;
				LD_RUNPATH_SEARCH_PATHS = (
					"$(inherited)",
					"@executable_path/Frameworks",
				);
				PRODUCT_BUNDLE_IDENTIFIER = com.example.SpatialMusic;
				PRODUCT_NAME = "$(TARGET_NAME)";
				SWIFT_VERSION = 5.0;
				TARGETED_DEVICE_FAMILY = "1,2";
			};
			name = Debug;
		};
		B07DD32525B1E8C40073482C /* Release */ = {
			isa = XCBuildConfiguration;
			buildSettings = {
				ASSETCATALOG_COMPILER_APPICON_NAME = AppIcon;
				ASSETCATALOG_COMPILER_GLOBAL_ACCENT_COLOR_NAME = AccentColor;
				CODE_SIGN_STYLE = Automatic;
				DEVELOPMENT_ASSET_PATHS = "\"SpatialMusic/Preview Content\"";
				DEVELOPMENT_TEAM = N4XWRBDFWP;
				ENABLE_PREVIEWS = YES;
				INFOPLIST_FILE = SpatialMusic/Info.plist;
				IPHONEOS_DEPLOYMENT_TARGET = 14.0;
				LD_RUNPATH_SEARCH_PATHS = (
					"$(inherited)",
					"@executable_path/Frameworks",
				);
				PRODUCT_BUNDLE_IDENTIFIER = com.example.SpatialMusic;
				PRODUCT_NAME = "$(TARGET_NAME)";
				SWIFT_VERSION = 5.0;
				TARGETED_DEVICE_FAMILY = "1,2";
			};
			name = Release;
		};
		B07DD32725B1E8C40073482C /* Debug */ = {
			isa = XCBuildConfiguration;
			buildSettings = {
				ALWAYS_EMBED_SWIFT_STANDARD_LIBRARIES = YES;
				BUNDLE_LOADER = "$(TEST_HOST)";
				CODE_SIGN_STYLE = Automatic;
				DEVELOPMENT_TEAM = N4XWRBDFWP;
				INFOPLIST_FILE = SpatialMusicTests/Info.plist;
				IPHONEOS_DEPLOYMENT_TARGET = 14.0;
				LD_RUNPATH_SEARCH_PATHS = (
					"$(inherited)",
					"@executable_path/Frameworks",
					"@loader_path/Frameworks",
				);
				PRODUCT_BUNDLE_IDENTIFIER = com.example.SpatialMusicTests;
				PRODUCT_NAME = "$(TARGET_NAME)";
				SWIFT_VERSION = 5.0;
				TARGETED_DEVICE_FAMILY = "1,2";
				TEST_HOST = "$(BUILT_PRODUCTS_DIR)/SpatialMusic.app/SpatialMusic";
			};
			name = Debug;
		};
		B07DD32825B1E8C40073482C /* Release */ = {
			isa = XCBuildConfiguration;
			buildSettings = {
				ALWAYS_EMBED_SWIFT_STANDARD_LIBRARIES = YES;
				BUNDLE_LOADER = "$(TEST_HOST)";
				CODE_SIGN_STYLE = Automatic;
				DEVELOPMENT_TEAM = N4XWRBDFWP;
				INFOPLIST_FILE = SpatialMusicTests/Info.plist;
				IPHONEOS_DEPLOYMENT_TARGET = 14.0;
				LD_RUNPATH_SEARCH_PATHS = (
					"$(inherited)",
					"@executable_path/Frameworks",
					"@loader_path/Frameworks",
				);
				PRODUCT_BUNDLE_IDENTIFIER = com.example.SpatialMusicTests;
				PRODUCT_NAME = "$(TARGET_NAME)";
				SWIFT_VERSION = 5.0;
				TARGETED_DEVICE_FAMILY = "1,2";
				TEST_HOST = "$(BUILT_PRODUCTS_DIR)/SpatialMusic.app/SpatialMusic";
			};
			name = Release;
		};
		B07DD32A25B1E8C40073482C /* Debug */ = {
			isa = XCBuildConfiguration;
			buildSettings = {
				ALWAYS_EMBED_SWIFT_STANDARD_LIBRARIES = YES;
				CODE_SIGN_STYLE = Automatic;
				DEVELOPMENT_TEAM = N4XWRBDFWP;
				INFOPLIST_FILE = SpatialMusicUITests/Info.plist;
				LD_RUNPATH_SEARCH_PATHS = (
					"$(inherited)",
					"@executable_path/Frameworks",
					"@loader_path/Frameworks",
				);
				PRODUCT_BUNDLE_IDENTIFIER = com.example.SpatialMusicUITests;
				PRODUCT_NAME = "$(TARGET_NAME)";
				SWIFT_VERSION = 5.0;
				TARGETED_DEVICE_FAMILY = "1,2";
				TEST_TARGET_NAME = SpatialMusic;
			};
			name = Debug;
		};
		B07DD32B25B1E8C40073482C /* Release */ = {
			isa = XCBuildConfiguration;
			buildSettings = {
				ALWAYS_EMBED_SWIFT_STANDARD_LIBRARIES = YES;
				CODE_SIGN_STYLE = Automatic;
				DEVELOPMENT_TEAM = N4XWRBDFWP;
				INFOPLIST_FILE = SpatialMusicUITests/Info.plist;
				LD_RUNPATH_SEARCH_PATHS = (
					"$(inherited)",
					"@executable_path/Frameworks",
					"@loader_path/Frameworks",
				);
				PRODUCT_BUNDLE_IDENTIFIER = com.example.SpatialMusicUITests;
				PRODUCT_NAME = "$(TARGET_NAME)";
				SWIFT_VERSION = 5.0;
				TARGETED_DEVICE_FAMILY = "1,2";
				TEST_TARGET_NAME = SpatialMusic;
			};
			name = Release;
		};
/* End XCBuildConfiguration section */

/* Begin XCConfigurationList section */
		B07DD2F925B1E8C00073482C /* Build configuration list for PBXProject "SpatialMusic" */ = {
			isa = XCConfigurationList;
			buildConfigurations = (
				B07DD32125B1E8C40073482C /* Debug */,
				B07DD32225B1E8C40073482C /* Release */,
			);
			defaultConfigurationIsVisible = 0;
			defaultConfigurationName = Release;
		};
		B07DD32325B1E8C40073482C /* Build configuration list for PBXNativeTarget "SpatialMusic" */ = {
			isa = XCConfigurationList;
			buildConfigurations = (
				B07DD32425B1E8C40073482C /* Debug */,
				B07DD32525B1E8C40073482C /* Release */,
			);
			defaultConfigurationIsVisible = 0;
			defaultConfigurationName = Release;
		};
		B07DD32625B1E8C40073482C /* Build configuration list for PBXNativeTarget "SpatialMusicTests" */ = {
			isa = XCConfigurationList;
			buildConfigurations = (
				B07DD32725B1E8C40073482C /* Debug */,
				B07DD32825B1E8C40073482C /* Release */,
			);
			defaultConfigurationIsVisible = 0;
			defaultConfigurationName = Release;
		};
		B07DD32925B1E8C40073482C /* Build configuration list for PBXNativeTarget "SpatialMusicUITests" */ = {
			isa = XCConfigurationList;
			buildConfigurations = (
				B07DD32A25B1E8C40073482C /* Debug */,
				B07DD32B25B1E8C40073482C /* Release */,
			);
			defaultConfigurationIsVisible = 0;
			defaultConfigurationName = Release;
		};
/* End XCConfigurationList section */
	};
	rootObject = B07DD2F625B1E8C00073482C /* Project object */;
}
